
Microsoft Visual Studio Solution File, Format Version 12.00
# Visual Studio Version 17
VisualStudioVersion = 17.2.32616.157
MinimumVisualStudioVersion = 10.0.40219.1
Project("{FAE04EC0-301F-11D3-BF4B-00C04F79EFBC}") = "App5.Android", "App5\App5.Android\App5.Android.csproj", "{818E256C-8C10-4640-B98B-9E1FA9D65A1B}"
EndProject
Project("{FAE04EC0-301F-11D3-BF4B-00C04F79EFBC}") = "App5", "App5\App5\App5.csproj", "{BC8D18CB-8397-452E-9870-2381196C2B57}"
EndProject
Global
	GlobalSection(SolutionConfigurationPlatforms) = preSolution
		Debug|Any CPU = Debug|Any CPU
		Release|Any CPU = Release|Any CPU
	EndGlobalSection
	GlobalSection(ProjectConfigurationPlatforms) = postSolution
		{818E256C-8C10-4640-B98B-9E1FA9D65A1B}.Debug|Any CPU.ActiveCfg = Debug|Any CPU
		{818E256C-8C10-4640-B98B-9E1FA9D65A1B}.Debug|Any CPU.Build.0 = Debug|Any CPU
		{818E256C-8C10-4640-B98B-9E1FA9D65A1B}.Debug|Any CPU.Deploy.0 = Debug|Any CPU
		{818E256C-8C10-4640-B98B-9E1FA9D65A1B}.Release|Any CPU.ActiveCfg = Release|Any CPU
		{818E256C-8C10-4640-B98B-9E1FA9D65A1B}.Release|Any CPU.Build.0 = Release|Any CPU
		{818E256C-8C10-4640-B98B-9E1FA9D65A1B}.Release|Any CPU.Deploy.0 = Release|Any CPU
		{BC8D18CB-8397-452E-9870-2381196C2B57}.Debug|Any CPU.ActiveCfg = Debug|Any CPU
		{BC8D18CB-8397-452E-9870-2381196C2B57}.Debug|Any CPU.Build.0 = Debug|Any CPU
		{BC8D18CB-8397-452E-9870-2381196C2B57}.Debug|Any CPU.Deploy.0 = Debug|Any CPU
		{BC8D18CB-8397-452E-9870-2381196C2B57}.Release|Any CPU.ActiveCfg = Release|Any CPU
		{BC8D18CB-8397-452E-9870-2381196C2B57}.Release|Any CPU.Build.0 = Release|Any CPU
		{BC8D18CB-8397-452E-9870-2381196C2B57}.Release|Any CPU.Deploy.0 = Release|Any CPU
	EndGlobalSection
	GlobalSection(SolutionProperties) = preSolution
		HideSolutionNode = FALSE
	EndGlobalSection
	GlobalSection(ExtensibilityGlobals) = postSolution
		SolutionGuid = {A75B5AE1-5C79-4481-AD57-CAB8237207B0}
	EndGlobalSection
EndGlobal
